
Microsoft Visual Studio Solution File, Format Version 12.00
# Visual Studio Version 17
VisualStudioVersion = 17.8.34309.116
MinimumVisualStudioVersion = 10.0.40219.1
Project("{FAE04EC0-301F-11D3-BF4B-00C04F79EFBC}") = "AdventOfCode2023", "AdventOfCode2023\AdventOfCode2023.csproj", "{E613448A-3739-4608-A50D-FEFE0C11FAD0}"
EndProject
Global
	GlobalSection(SolutionConfigurationPlatforms) = preSolution
		Debug|Any CPU = Debug|Any CPU
		Release|Any CPU = Release|Any CPU
	EndGlobalSection
	GlobalSection(ProjectConfigurationPlatforms) = postSolution
		{E613448A-3739-4608-A50D-FEFE0C11FAD0}.Debug|Any CPU.ActiveCfg = Debug|Any CPU
		{E613448A-3739-4608-A50D-FEFE0C11FAD0}.Debug|Any CPU.Build.0 = Debug|Any CPU
		{E613448A-3739-4608-A50D-FEFE0C11FAD0}.Release|Any CPU.ActiveCfg = Release|Any CPU
		{E613448A-3739-4608-A50D-FEFE0C11FAD0}.Release|Any CPU.Build.0 = Release|Any CPU
	EndGlobalSection
	GlobalSection(SolutionProperties) = preSolution
		HideSolutionNode = FALSE
	EndGlobalSection
	GlobalSection(ExtensibilityGlobals) = postSolution
		SolutionGuid = {C13A2FBB-0B2E-4986-A0EE-FC7BDB855AE0}
	EndGlobalSection
EndGlobal
